
Microsoft Visual Studio Solution File, Format Version 12.00
# Visual Studio Version 16
VisualStudioVersion = 16.0.30225.117
MinimumVisualStudioVersion = 10.0.40219.1
Project("{FAE04EC0-301F-11D3-BF4B-00C04F79EFBC}") = "ComeMyFishMarket", "ComeMyFishMarket\ComeMyFishMarket.csproj", "{A5C7ECB6-1D2E-4585-A259-102D385A8D22}"
EndProject
Global
	GlobalSection(SolutionConfigurationPlatforms) = preSolution
		Debug|Any CPU = Debug|Any CPU
		Release|Any CPU = Release|Any CPU
	EndGlobalSection
	GlobalSection(ProjectConfigurationPlatforms) = postSolution
		{A5C7ECB6-1D2E-4585-A259-102D385A8D22}.Debug|Any CPU.ActiveCfg = Debug|Any CPU
		{A5C7ECB6-1D2E-4585-A259-102D385A8D22}.Debug|Any CPU.Build.0 = Debug|Any CPU
		{A5C7ECB6-1D2E-4585-A259-102D385A8D22}.Release|Any CPU.ActiveCfg = Release|Any CPU
		{A5C7ECB6-1D2E-4585-A259-102D385A8D22}.Release|Any CPU.Build.0 = Release|Any CPU
	EndGlobalSection
	GlobalSection(SolutionProperties) = preSolution
		HideSolutionNode = FALSE
	EndGlobalSection
	GlobalSection(ExtensibilityGlobals) = postSolution
		SolutionGuid = {BD21FFF5-6317-4E59-A4FB-E758E376FC3E}
	EndGlobalSection
EndGlobal
